<?xml version="1.0" encoding="utf-8"?>
<Project ToolsVersion="4.0" xmlns="http://schemas.microsoft.com/developer/msbuild/2003">
  <ItemGroup>
    <ClCompile Include="..\Private\GameInstance.cpp">
      <Filter>01.Utility\00.GameInstance</Filter>
    </ClCompile>
    <ClCompile Include="..\Private\Base.cpp">
      <Filter>01.Utility\99.Super</Filter>
    </ClCompile>
    <ClCompile Include="..\Private\Component.cpp">
      <Filter>01.Utility\03.Components</Filter>
    </ClCompile>
    <ClCompile Include="..\Private\GameObject.cpp">
      <Filter>01.Utility\02.GameObjects</Filter>
    </ClCompile>
    <ClCompile Include="..\Private\Level.cpp">
      <Filter>01.Utility\01.Levels</Filter>
    </ClCompile>
    <ClCompile Include="..\Private\TImer.cpp">
      <Filter>01.Utility\04.Timers</Filter>
    </ClCompile>
    <ClCompile Include="..\Private\Level_Manager.cpp">
      <Filter>01.Utility\01.Levels\Manager</Filter>
    </ClCompile>
    <ClCompile Include="..\Private\Component_Manager.cpp">
      <Filter>01.Utility\03.Components\00.Manager</Filter>
    </ClCompile>
    <ClCompile Include="..\Private\Renderer.cpp">
      <Filter>01.Utility\03.Components\Renderer</Filter>
    </ClCompile>
    <ClCompile Include="..\Private\Timer_Manager.cpp">
      <Filter>01.Utility\04.Timers\Manager</Filter>
    </ClCompile>
    <ClCompile Include="..\Private\Graphic_Device.cpp">
      <Filter>00.System\00.Graphic</Filter>
    </ClCompile>
    <ClCompile Include="..\private\VIBuffer.cpp">
      <Filter>01.Utility\03.Components\VIBuffer</Filter>
    </ClCompile>
    <ClCompile Include="..\private\VIBuffer_Rect.cpp">
      <Filter>01.Utility\03.Components\VIBuffer\Rect</Filter>
    </ClCompile>
    <ClCompile Include="..\private\Shader.cpp">
      <Filter>01.Utility\03.Components\Shader</Filter>
    </ClCompile>
    <ClCompile Include="..\Public\Engine_Struct.cpp">
      <Filter>99.Headers</Filter>
    </ClCompile>
    <ClCompile Include="..\private\Texture.cpp">
      <Filter>01.Utility\03.Components\Texture</Filter>
    </ClCompile>
    <ClCompile Include="..\Private\BlendObject.cpp">
      <Filter>01.Utility\02.GameObjects\BlendObject</Filter>
    </ClCompile>
    <ClCompile Include="..\Private\Layer.cpp">
      <Filter>01.Utility\02.GameObjects\Layer</Filter>
    </ClCompile>
    <ClCompile Include="..\Private\Transform.cpp">
      <Filter>01.Utility\03.Components\Transform</Filter>
    </ClCompile>
    <ClCompile Include="..\Private\VIBuffer_Terrain.cpp">
      <Filter>01.Utility\03.Components\VIBuffer\Terrain</Filter>
    </ClCompile>
    <ClCompile Include="..\Private\Camera.cpp">
      <Filter>01.Utility\02.GameObjects\Camera</Filter>
    </ClCompile>
    <ClCompile Include="..\Private\PipeLine.cpp">
      <Filter>01.Utility\05.PipeLine</Filter>
    </ClCompile>
    <ClCompile Include="..\Private\Input_Device.cpp">
      <Filter>00.System\01.Input</Filter>
    </ClCompile>
    <ClCompile Include="..\Private\Light.cpp">
      <Filter>01.Utility\06.Lights</Filter>
    </ClCompile>
    <ClCompile Include="..\Private\Light_Manager.cpp">
      <Filter>01.Utility\06.Lights\Manager</Filter>
    </ClCompile>
    <ClCompile Include="..\Private\Picking.cpp">
      <Filter>01.Utility\07.Picking</Filter>
    </ClCompile>
    <ClCompile Include="..\Private\Mesh.cpp">
      <Filter>01.Utility\03.Components\Model\Mesh</Filter>
    </ClCompile>
    <ClCompile Include="..\Private\Bone.cpp">
      <Filter>01.Utility\03.Components\Model\Bone</Filter>
    </ClCompile>
    <ClCompile Include="..\Private\Key_Mgr.cpp">
      <Filter>00.System\02.Key_Manager</Filter>
    </ClCompile>
    <ClCompile Include="..\Private\LandObject.cpp">
      <Filter>01.Utility\02.GameObjects\LandObject</Filter>
    </ClCompile>
    <ClCompile Include="..\Private\Animation.cpp">
      <Filter>01.Utility\03.Components\Model\Animation</Filter>
    </ClCompile>
    <ClCompile Include="..\Private\Channel.cpp">
      <Filter>01.Utility\03.Components\Model\Animation\Channel</Filter>
    </ClCompile>
    <ClCompile Include="..\Private\VIBuffer_Cube.cpp">
      <Filter>01.Utility\03.Components\VIBuffer\Cube</Filter>
    </ClCompile>
    <ClCompile Include="..\Private\Collider.cpp">
      <Filter>01.Utility\03.Components\Collider</Filter>
    </ClCompile>
    <ClCompile Include="..\Private\DebugDraw.cpp">
      <Filter>01.Utility\03.Components\Collider\DebugDraw</Filter>
    </ClCompile>
    <ClCompile Include="..\Private\Bounding_AABB.cpp">
      <Filter>01.Utility\03.Components\Collider\Bounding\AABB</Filter>
    </ClCompile>
    <ClCompile Include="..\Private\Bounding_OBB.cpp">
      <Filter>01.Utility\03.Components\Collider\Bounding\OBB</Filter>
    </ClCompile>
    <ClCompile Include="..\Private\Bounding_Sphere.cpp">
      <Filter>01.Utility\03.Components\Collider\Bounding\Sphere</Filter>
    </ClCompile>
    <ClCompile Include="..\Private\Bounding.cpp">
      <Filter>01.Utility\03.Components\Collider\Bounding</Filter>
    </ClCompile>
    <ClCompile Include="..\Private\Object_Manager.cpp">
      <Filter>01.Utility\02.GameObjects\Manager</Filter>
    </ClCompile>
    <ClCompile Include="..\Private\Navigation.cpp">
      <Filter>01.Utility\03.Components\Navigation</Filter>
    </ClCompile>
    <ClCompile Include="..\Private\Cell.cpp">
      <Filter>01.Utility\03.Components\Navigation\Cell</Filter>
    </ClCompile>
    <ClCompile Include="..\Private\VIBuffer_Cell.cpp">
      <Filter>01.Utility\03.Components\VIBuffer\Cell</Filter>
    </ClCompile>
    <ClCompile Include="..\Private\VIBuffer_Instance.cpp">
      <Filter>01.Utility\03.Components\VIBuffer\Instance</Filter>
    </ClCompile>
    <ClCompile Include="VIBuffer_Rect_Instance.cpp">
      <Filter>01.Utility\03.Components\VIBuffer\Instance\Rect</Filter>
    </ClCompile>
    <ClCompile Include="..\Private\VIBuffer_Point_Instance.cpp">
      <Filter>01.Utility\03.Components\VIBuffer\Instance\Point</Filter>
    </ClCompile>
    <ClCompile Include="..\Private\CustomFont.cpp">
      <Filter>01.Utility\08.Font</Filter>
    </ClCompile>
    <ClCompile Include="..\Private\Font_Manager.cpp">
      <Filter>01.Utility\08.Font\Manager</Filter>
    </ClCompile>
    <ClCompile Include="..\Private\Frustum.cpp">
      <Filter>01.Utility\09.Frustum</Filter>
    </ClCompile>
    <ClCompile Include="..\Private\QuadTree.cpp">
      <Filter>01.Utility\03.Components\VIBuffer\Terrain\QuadTree</Filter>
    </ClCompile>
    <ClCompile Include="..\Private\RenderTarget.cpp">
      <Filter>01.Utility\10.RenderTargets</Filter>
    </ClCompile>
    <ClCompile Include="..\Private\Target_Manager.cpp">
      <Filter>01.Utility\10.RenderTargets\Manager</Filter>
    </ClCompile>
    <ClCompile Include="..\Private\SoundMgr.cpp">
      <Filter>00.System\03.Sound_Manager</Filter>
    </ClCompile>
    <ClCompile Include="..\Private\Model.cpp">
      <Filter>01.Utility\03.Components\Model</Filter>
    </ClCompile>
  </ItemGroup>
  <ItemGroup>
    <ClInclude Include="..\Public\GameInstance.h">
      <Filter>01.Utility\00.GameInstance</Filter>
    </ClInclude>
    <ClInclude Include="..\Public\Base.h">
      <Filter>01.Utility\99.Super</Filter>
    </ClInclude>
    <ClInclude Include="..\Public\Component.h">
      <Filter>01.Utility\03.Components</Filter>
    </ClInclude>
    <ClInclude Include="..\Public\Level.h">
      <Filter>01.Utility\01.Levels</Filter>
    </ClInclude>
    <ClInclude Include="..\Public\TImer.h">
      <Filter>01.Utility\04.Timers</Filter>
    </ClInclude>
    <ClInclude Include="..\Public\Engine_Defines.h">
      <Filter>99.Headers</Filter>
    </ClInclude>
    <ClInclude Include="..\Public\Engine_Function.h">
      <Filter>99.Headers</Filter>
    </ClInclude>
    <ClInclude Include="..\Public\Engine_Macro.h">
      <Filter>99.Headers</Filter>
    </ClInclude>
    <ClInclude Include="..\Public\Engine_Struct.h">
      <Filter>99.Headers</Filter>
    </ClInclude>
    <ClInclude Include="..\Public\Engine_Typedef.h">
      <Filter>99.Headers</Filter>
    </ClInclude>
    <ClInclude Include="..\Public\Level_Manager.h">
      <Filter>01.Utility\01.Levels\Manager</Filter>
    </ClInclude>
    <ClInclude Include="..\Public\Component_Manager.h">
      <Filter>01.Utility\03.Components\00.Manager</Filter>
    </ClInclude>
    <ClInclude Include="..\Public\Renderer.h">
      <Filter>01.Utility\03.Components\Renderer</Filter>
    </ClInclude>
    <ClInclude Include="..\Public\Timer_Manager.h">
      <Filter>01.Utility\04.Timers\Manager</Filter>
    </ClInclude>
    <ClInclude Include="..\Public\Graphic_Device.h">
      <Filter>00.System\00.Graphic</Filter>
    </ClInclude>
    <ClInclude Include="..\public\VIBuffer.h">
      <Filter>01.Utility\03.Components\VIBuffer</Filter>
    </ClInclude>
    <ClInclude Include="..\public\VIBuffer_Rect.h">
      <Filter>01.Utility\03.Components\VIBuffer\Rect</Filter>
    </ClInclude>
    <ClInclude Include="..\public\Texture.h">
      <Filter>01.Utility\03.Components\Texture</Filter>
    </ClInclude>
    <ClInclude Include="..\Public\BlendObject.h">
      <Filter>01.Utility\02.GameObjects\BlendObject</Filter>
    </ClInclude>
    <ClInclude Include="..\Public\Layer.h">
      <Filter>01.Utility\02.GameObjects\Layer</Filter>
    </ClInclude>
    <ClInclude Include="..\Public\VIBuffer_Terrain.h">
      <Filter>01.Utility\03.Components\VIBuffer\Terrain</Filter>
    </ClInclude>
    <ClInclude Include="..\Public\Camera.h">
      <Filter>01.Utility\02.GameObjects\Camera</Filter>
    </ClInclude>
    <ClInclude Include="..\Public\PipeLine.h">
      <Filter>01.Utility\05.PipeLine</Filter>
    </ClInclude>
    <ClInclude Include="..\public\Shader.h">
      <Filter>01.Utility\03.Components\Shader</Filter>
    </ClInclude>
    <ClInclude Include="..\Public\Input_Device.h">
      <Filter>00.System\01.Input</Filter>
    </ClInclude>
    <ClInclude Include="..\Public\Light.h">
      <Filter>01.Utility\06.Lights</Filter>
    </ClInclude>
    <ClInclude Include="..\Public\Light_Manager.h">
      <Filter>01.Utility\06.Lights\Manager</Filter>
    </ClInclude>
    <ClInclude Include="..\Public\Picking.h">
      <Filter>01.Utility\07.Picking</Filter>
    </ClInclude>
    <ClInclude Include="..\Public\Mesh.h">
      <Filter>01.Utility\03.Components\Model\Mesh</Filter>
    </ClInclude>
    <ClInclude Include="..\Public\Bone.h">
      <Filter>01.Utility\03.Components\Model\Bone</Filter>
    </ClInclude>
    <ClInclude Include="..\Public\Key_Mgr.h">
      <Filter>00.System\02.Key_Manager</Filter>
    </ClInclude>
    <ClInclude Include="..\Public\LandObject.h">
      <Filter>01.Utility\02.GameObjects\LandObject</Filter>
    </ClInclude>
    <ClInclude Include="..\Public\Animation.h">
      <Filter>01.Utility\03.Components\Model\Animation</Filter>
    </ClInclude>
    <ClInclude Include="..\Public\Channel.h">
      <Filter>01.Utility\03.Components\Model\Animation\Channel</Filter>
    </ClInclude>
    <ClInclude Include="..\Public\VIBuffer_Cube.h">
      <Filter>01.Utility\03.Components\VIBuffer\Cube</Filter>
    </ClInclude>
    <ClInclude Include="..\Public\Collider.h">
      <Filter>01.Utility\03.Components\Collider</Filter>
    </ClInclude>
    <ClInclude Include="..\Public\Transform.h">
      <Filter>01.Utility\03.Components\Transform</Filter>
    </ClInclude>
    <ClInclude Include="..\Public\DebugDraw.h">
      <Filter>01.Utility\03.Components\Collider\DebugDraw</Filter>
    </ClInclude>
    <ClInclude Include="..\Public\Bounding_AABB.h">
      <Filter>01.Utility\03.Components\Collider\Bounding\AABB</Filter>
    </ClInclude>
    <ClInclude Include="..\Public\Bounding_OBB.h">
      <Filter>01.Utility\03.Components\Collider\Bounding\OBB</Filter>
    </ClInclude>
    <ClInclude Include="..\Public\Bounding_Sphere.h">
      <Filter>01.Utility\03.Components\Collider\Bounding\Sphere</Filter>
    </ClInclude>
    <ClInclude Include="..\Public\Bounding.h">
      <Filter>01.Utility\03.Components\Collider\Bounding</Filter>
    </ClInclude>
    <ClInclude Include="..\Public\Object_Manager.h">
      <Filter>01.Utility\02.GameObjects\Manager</Filter>
    </ClInclude>
    <ClInclude Include="..\Public\Navigation.h">
      <Filter>01.Utility\03.Components\Navigation</Filter>
    </ClInclude>
    <ClInclude Include="..\Public\Cell.h">
      <Filter>01.Utility\03.Components\Navigation\Cell</Filter>
    </ClInclude>
    <ClInclude Include="..\Public\VIBuffer_Cell.h">
      <Filter>01.Utility\03.Components\VIBuffer\Cell</Filter>
    </ClInclude>
    <ClInclude Include="..\Bin\ShaderFiles\Shader_Defines.hpp">
      <Filter>98.ShaderFiles</Filter>
    </ClInclude>
    <ClInclude Include="..\Public\VIBuffer_Instance.h">
      <Filter>01.Utility\03.Components\VIBuffer\Instance</Filter>
    </ClInclude>
    <ClInclude Include="..\Public\VIBuffer_Rect_Instance.h">
      <Filter>01.Utility\03.Components\VIBuffer\Instance\Rect</Filter>
    </ClInclude>
    <ClInclude Include="..\Public\VIBuffer_Point_Instance.h">
      <Filter>01.Utility\03.Components\VIBuffer\Instance\Point</Filter>
    </ClInclude>
    <ClInclude Include="..\Public\CustomFont.h">
      <Filter>01.Utility\08.Font</Filter>
    </ClInclude>
    <ClInclude Include="..\Public\Font_Manager.h">
      <Filter>01.Utility\08.Font\Manager</Filter>
    </ClInclude>
    <ClInclude Include="..\Public\Model.h">
      <Filter>01.Utility\03.Components\Model</Filter>
    </ClInclude>
    <ClInclude Include="..\Public\GameObject.h">
      <Filter>01.Utility\02.GameObjects</Filter>
    </ClInclude>
    <ClInclude Include="..\Public\Frustum.h">
      <Filter>01.Utility\09.Frustum</Filter>
    </ClInclude>
    <ClInclude Include="..\Public\QuadTree.h">
      <Filter>01.Utility\03.Components\VIBuffer\Terrain\QuadTree</Filter>
    </ClInclude>
    <ClInclude Include="..\Public\RenderTarget.h">
      <Filter>01.Utility\10.RenderTargets</Filter>
    </ClInclude>
    <ClInclude Include="..\Public\Target_Manager.h">
      <Filter>01.Utility\10.RenderTargets\Manager</Filter>
    </ClInclude>
    <ClInclude Include="..\Public\fmod.h">
      <Filter>00.System\03.Sound_Manager\fmod</Filter>
    </ClInclude>
    <ClInclude Include="..\Public\fmod.hpp">
      <Filter>00.System\03.Sound_Manager\fmod</Filter>
    </ClInclude>
    <ClInclude Include="..\Public\fmod_codec.h">
      <Filter>00.System\03.Sound_Manager\fmod</Filter>
    </ClInclude>
    <ClInclude Include="..\Public\fmod_dsp.h">
      <Filter>00.System\03.Sound_Manager\fmod</Filter>
    </ClInclude>
    <ClInclude Include="..\Public\fmod_common.h">
      <Filter>00.System\03.Sound_Manager\fmod</Filter>
    </ClInclude>
    <ClInclude Include="..\Public\fmod_dsp_effects.h">
      <Filter>00.System\03.Sound_Manager\fmod</Filter>
    </ClInclude>
    <ClInclude Include="..\Public\fmod_errors.h">
      <Filter>00.System\03.Sound_Manager\fmod</Filter>
    </ClInclude>
    <ClInclude Include="..\Public\fmod_output.h">
      <Filter>00.System\03.Sound_Manager\fmod</Filter>
    </ClInclude>
    <ClInclude Include="..\Public\SoundMgr.h">
      <Filter>00.System\03.Sound_Manager</Filter>
    </ClInclude>
  </ItemGroup>
  <ItemGroup>
    <Filter Include="00.System">
      <UniqueIdentifier>{c4b7ef59-4772-4cb0-99c5-3ee886ed5e8a}</UniqueIdentifier>
    </Filter>
    <Filter Include="01.Utility">
      <UniqueIdentifier>{3c14e63a-8970-420c-a57b-454c03c6b903}</UniqueIdentifier>
    </Filter>
    <Filter Include="01.Utility\00.GameInstance">
      <UniqueIdentifier>{abe00ef4-c91d-40e3-9a73-fcfe3ef45a0b}</UniqueIdentifier>
    </Filter>
    <Filter Include="01.Utility\99.Super">
      <UniqueIdentifier>{98d4a029-c677-4212-af7c-5e86fcd4814e}</UniqueIdentifier>
    </Filter>
    <Filter Include="01.Utility\01.Levels">
      <UniqueIdentifier>{c62c000d-d991-4991-a3f4-ce2283d9c813}</UniqueIdentifier>
    </Filter>
    <Filter Include="01.Utility\02.GameObjects">
      <UniqueIdentifier>{6d8038e7-fae9-4f0c-af5e-7a6c61b6521f}</UniqueIdentifier>
    </Filter>
    <Filter Include="01.Utility\03.Components">
      <UniqueIdentifier>{425519a6-3f2a-4d47-843f-5d55f96ad778}</UniqueIdentifier>
    </Filter>
    <Filter Include="01.Utility\04.Timers">
      <UniqueIdentifier>{a2534a21-49bb-48c6-a1b3-351ab55ce8dd}</UniqueIdentifier>
    </Filter>
    <Filter Include="99.Headers">
      <UniqueIdentifier>{5d1b9ba8-6d0e-4941-904c-de8658359639}</UniqueIdentifier>
    </Filter>
    <Filter Include="01.Utility\01.Levels\Manager">
      <UniqueIdentifier>{da27c2c0-6bec-439e-b976-b7f3be91045c}</UniqueIdentifier>
    </Filter>
    <Filter Include="01.Utility\02.GameObjects\Manager">
      <UniqueIdentifier>{6f0ff617-62e1-4b7f-b7ad-256a06d6d2de}</UniqueIdentifier>
    </Filter>
    <Filter Include="01.Utility\03.Components\00.Manager">
      <UniqueIdentifier>{36129625-6b02-4fea-9f3a-b164bc2d732f}</UniqueIdentifier>
    </Filter>
    <Filter Include="01.Utility\03.Components\Renderer">
      <UniqueIdentifier>{33233ced-f051-48ce-81b5-9c9d1891fceb}</UniqueIdentifier>
    </Filter>
    <Filter Include="01.Utility\04.Timers\Manager">
      <UniqueIdentifier>{3e56ee65-442b-4515-bba5-fdb17f1bc0b8}</UniqueIdentifier>
    </Filter>
    <Filter Include="00.System\00.Graphic">
      <UniqueIdentifier>{93216e14-fdbc-4600-8ca0-51d214547625}</UniqueIdentifier>
    </Filter>
    <Filter Include="01.Utility\03.Components\VIBuffer">
      <UniqueIdentifier>{c1b8fafe-e162-4aca-bb3b-dbe4874a44d7}</UniqueIdentifier>
    </Filter>
    <Filter Include="01.Utility\03.Components\VIBuffer\Rect">
      <UniqueIdentifier>{18b625b4-f50f-4893-87d0-6f4cb42c35dc}</UniqueIdentifier>
    </Filter>
    <Filter Include="01.Utility\03.Components\Shader">
      <UniqueIdentifier>{8f3b251f-9a0b-43ac-ae5a-7aaeb08a8947}</UniqueIdentifier>
    </Filter>
    <Filter Include="01.Utility\03.Components\Texture">
      <UniqueIdentifier>{e76bb9db-c976-470b-9acb-f0f1a844df6f}</UniqueIdentifier>
    </Filter>
    <Filter Include="01.Utility\02.GameObjects\BlendObject">
      <UniqueIdentifier>{b257c81c-a877-4684-83d3-e3438d082373}</UniqueIdentifier>
    </Filter>
    <Filter Include="01.Utility\02.GameObjects\Layer">
      <UniqueIdentifier>{f85b93b6-7c07-4c2e-9a10-b1b6fe8748af}</UniqueIdentifier>
    </Filter>
    <Filter Include="01.Utility\03.Components\Transform">
      <UniqueIdentifier>{83992be4-affa-4163-89f4-452d1c4ab4f7}</UniqueIdentifier>
    </Filter>
    <Filter Include="01.Utility\03.Components\VIBuffer\Terrain">
      <UniqueIdentifier>{14d913ca-a0ac-4e69-b0b3-ae76f438c4c8}</UniqueIdentifier>
    </Filter>
    <Filter Include="01.Utility\02.GameObjects\Camera">
      <UniqueIdentifier>{3299e3bc-0b0b-4cb6-b58d-d61d6af80af6}</UniqueIdentifier>
    </Filter>
    <Filter Include="01.Utility\05.PipeLine">
      <UniqueIdentifier>{ac952a0f-fd80-4496-8c9f-34147fab6c32}</UniqueIdentifier>
    </Filter>
    <Filter Include="00.System\01.Input">
      <UniqueIdentifier>{7bc0f5ad-090e-43c2-a2b8-5c594bd35af0}</UniqueIdentifier>
    </Filter>
    <Filter Include="01.Utility\06.Lights">
      <UniqueIdentifier>{006dcee8-9236-4991-9625-7845a25cb72e}</UniqueIdentifier>
    </Filter>
    <Filter Include="01.Utility\06.Lights\Manager">
      <UniqueIdentifier>{ef33596b-bd6d-4470-b34e-c5860ed41013}</UniqueIdentifier>
    </Filter>
    <Filter Include="01.Utility\03.Components\Model">
      <UniqueIdentifier>{018c89db-19b0-41d2-b78a-b804d446310d}</UniqueIdentifier>
    </Filter>
    <Filter Include="01.Utility\07.Picking">
      <UniqueIdentifier>{f5e2b874-6adb-46cc-a02d-1e78fa27925f}</UniqueIdentifier>
    </Filter>
    <Filter Include="01.Utility\03.Components\Model\Mesh">
      <UniqueIdentifier>{41472e7f-f7d0-4ef2-90de-496443ed3cbe}</UniqueIdentifier>
    </Filter>
    <Filter Include="01.Utility\03.Components\Model\Bone">
      <UniqueIdentifier>{6621be64-6da1-4913-a572-65819769bc4d}</UniqueIdentifier>
    </Filter>
    <Filter Include="01.Utility\02.GameObjects\LandObject">
      <UniqueIdentifier>{c5505a99-af27-41b7-acfd-b4261be51c74}</UniqueIdentifier>
    </Filter>
    <Filter Include="01.Utility\03.Components\Model\Animation">
      <UniqueIdentifier>{b30c2836-febc-48f6-9ff5-3f2466b6124f}</UniqueIdentifier>
    </Filter>
    <Filter Include="01.Utility\03.Components\Model\Animation\Channel">
      <UniqueIdentifier>{6b9f196f-bb2a-42e2-8918-d0e70b1281ed}</UniqueIdentifier>
    </Filter>
    <Filter Include="01.Utility\03.Components\VIBuffer\Cube">
      <UniqueIdentifier>{46f0eabe-37c0-443f-b573-2b78b12dbc1c}</UniqueIdentifier>
    </Filter>
    <Filter Include="01.Utility\03.Components\Collider">
      <UniqueIdentifier>{79861d05-100a-4ecd-838f-59185dd11087}</UniqueIdentifier>
    </Filter>
    <Filter Include="01.Utility\03.Components\Collider\DebugDraw">
      <UniqueIdentifier>{df6712cb-c438-404a-bd0b-ab3691f7e045}</UniqueIdentifier>
    </Filter>
    <Filter Include="01.Utility\03.Components\Collider\Bounding">
      <UniqueIdentifier>{6ef22d34-4b90-4a34-ab20-c5b7b1c074e3}</UniqueIdentifier>
    </Filter>
    <Filter Include="01.Utility\03.Components\Collider\Bounding\AABB">
      <UniqueIdentifier>{d63afecf-3564-45ae-a712-b10f6a0b202e}</UniqueIdentifier>
    </Filter>
    <Filter Include="01.Utility\03.Components\Collider\Bounding\OBB">
      <UniqueIdentifier>{f08bdbd0-edf9-42d8-b369-c3208e829ae6}</UniqueIdentifier>
    </Filter>
    <Filter Include="01.Utility\03.Components\Collider\Bounding\Sphere">
      <UniqueIdentifier>{b3222796-70a3-4a99-a62c-950b259aa8eb}</UniqueIdentifier>
    </Filter>
    <Filter Include="01.Utility\03.Components\Navigation">
      <UniqueIdentifier>{63bb3a84-ed46-46b4-8058-fd6c11d3005c}</UniqueIdentifier>
    </Filter>
    <Filter Include="01.Utility\03.Components\Navigation\Cell">
      <UniqueIdentifier>{1aa388dc-97ca-4abb-b655-19f0b27690d4}</UniqueIdentifier>
    </Filter>
    <Filter Include="01.Utility\03.Components\VIBuffer\Cell">
      <UniqueIdentifier>{67c9f4e9-a866-4bb1-b061-ac748fb1044f}</UniqueIdentifier>
    </Filter>
    <Filter Include="01.Utility\03.Components\VIBuffer\Cell\ShaderFiles">
      <UniqueIdentifier>{2cc220e2-ed73-4f64-b1b4-71d2a77fd5bb}</UniqueIdentifier>
    </Filter>
    <Filter Include="98.ShaderFiles">
      <UniqueIdentifier>{528be8f4-ca85-4ebe-9041-481f637eae16}</UniqueIdentifier>
    </Filter>
    <Filter Include="01.Utility\03.Components\VIBuffer\Instance">
      <UniqueIdentifier>{75ffaff5-96a1-40be-aed4-caafee478079}</UniqueIdentifier>
    </Filter>
    <Filter Include="01.Utility\03.Components\VIBuffer\Instance\Rect">
      <UniqueIdentifier>{13b33710-0e7f-46b7-bc85-b4a416daddc0}</UniqueIdentifier>
    </Filter>
    <Filter Include="01.Utility\03.Components\VIBuffer\Instance\Point">
      <UniqueIdentifier>{ff27a1b8-3ff4-4dae-ba61-24d21a2d192d}</UniqueIdentifier>
    </Filter>
    <Filter Include="01.Utility\08.Font">
      <UniqueIdentifier>{6eb62f50-44d1-4a61-825e-f3f275a794b0}</UniqueIdentifier>
    </Filter>
    <Filter Include="01.Utility\08.Font\Manager">
      <UniqueIdentifier>{2f2c3723-1d6a-42ce-82f3-c8f50ec1a5b4}</UniqueIdentifier>
    </Filter>
    <Filter Include="01.Utility\09.Frustum">
      <UniqueIdentifier>{87eae3b8-4601-4e07-8f19-f376d3e7caed}</UniqueIdentifier>
    </Filter>
    <Filter Include="01.Utility\03.Components\VIBuffer\Terrain\QuadTree">
      <UniqueIdentifier>{13210d9e-dfae-4a71-b217-9bde43f56cb8}</UniqueIdentifier>
    </Filter>
    <Filter Include="01.Utility\10.RenderTargets">
      <UniqueIdentifier>{6a8f1b35-719c-4c47-9c76-22184359cdfe}</UniqueIdentifier>
    </Filter>
    <Filter Include="01.Utility\10.RenderTargets\Manager">
      <UniqueIdentifier>{ba51cd6e-6018-4908-bdfa-ea6273a13ba6}</UniqueIdentifier>
    </Filter>
    <Filter Include="01.Utility\03.Components\Renderer\ShaderFiles">
      <UniqueIdentifier>{d8a43b07-8295-45db-8e89-959ca96766c2}</UniqueIdentifier>
    </Filter>
    <Filter Include="00.System\03.Sound_Manager">
      <UniqueIdentifier>{6d1ee240-0a0e-42f7-8e4c-aaa650511958}</UniqueIdentifier>
    </Filter>
    <Filter Include="00.System\03.Sound_Manager\fmod">
      <UniqueIdentifier>{ee07726e-a357-4a57-9037-b3f7e18ac368}</UniqueIdentifier>
    </Filter>
    <Filter Include="00.System\02.Key_Manager">
      <UniqueIdentifier>{c26c70e6-9583-4d00-85fd-e40027203d07}</UniqueIdentifier>
    </Filter>
  </ItemGroup>
  <ItemGroup>
    <FxCompile Include="..\Bin\ShaderFiles\Shader_Navigation.hlsl">
      <Filter>01.Utility\03.Components\VIBuffer\Cell\ShaderFiles</Filter>
    </FxCompile>
    <FxCompile Include="..\Bin\ShaderFiles\Shader_Deferred.hlsl">
      <Filter>01.Utility\03.Components\Renderer\ShaderFiles</Filter>
    </FxCompile>
  </ItemGroup>
  <ItemGroup>
    <None Include="..\Bin\fmod.cs">
      <Filter>00.System\03.Sound_Manager\fmod</Filter>
    </None>
    <None Include="..\Bin\fmod.dll">
      <Filter>00.System\03.Sound_Manager\fmod</Filter>
    </None>
    <None Include="..\Bin\fmod_dsp.cs">
      <Filter>00.System\03.Sound_Manager\fmod</Filter>
    </None>
    <None Include="..\Bin\fmod_errors.cs">
      <Filter>00.System\03.Sound_Manager\fmod</Filter>
    </None>
    <None Include="..\Bin\fmod64.dll">
      <Filter>00.System\03.Sound_Manager\fmod</Filter>
    </None>
    <None Include="..\Bin\fmodL.dll">
      <Filter>00.System\03.Sound_Manager\fmod</Filter>
    </None>
    <None Include="..\Bin\fmodL64.dll">
      <Filter>00.System\03.Sound_Manager\fmod</Filter>
    </None>
  </ItemGroup>
  <ItemGroup>
    <Library Include="..\Bin\fmod_vc.lib">
      <Filter>00.System\03.Sound_Manager\fmod</Filter>
    </Library>
    <Library Include="..\Bin\fmod64_vc.lib">
      <Filter>00.System\03.Sound_Manager\fmod</Filter>
    </Library>
    <Library Include="..\Bin\fmodL_vc.lib">
      <Filter>00.System\03.Sound_Manager\fmod</Filter>
    </Library>
    <Library Include="..\Bin\fmodL64_vc.lib">
      <Filter>00.System\03.Sound_Manager\fmod</Filter>
    </Library>
    <Library Include="..\Bin\libfmod.a">
      <Filter>00.System\03.Sound_Manager\fmod</Filter>
    </Library>
    <Library Include="..\Bin\libfmodL.a">
      <Filter>00.System\03.Sound_Manager\fmod</Filter>
    </Library>
  </ItemGroup>
</Project>